
Microsoft Visual Studio Solution File, Format Version 12.00
# Visual Studio Version 17
VisualStudioVersion = 17.9.34728.123
MinimumVisualStudioVersion = 10.0.40219.1
Project("{9A19103F-16F7-4668-BE54-9A1E7A4F7556}") = "SignalRAssignment", "SignalRAssignment\SignalRAssignment.csproj", "{5AC33A8D-1F6E-4ADA-9E3C-E6A89EEA9471}"
EndProject
Global
	GlobalSection(SolutionConfigurationPlatforms) = preSolution
		Debug|Any CPU = Debug|Any CPU
		Release|Any CPU = Release|Any CPU
	EndGlobalSection
	GlobalSection(ProjectConfigurationPlatforms) = postSolution
		{5AC33A8D-1F6E-4ADA-9E3C-E6A89EEA9471}.Debug|Any CPU.ActiveCfg = Debug|Any CPU
		{5AC33A8D-1F6E-4ADA-9E3C-E6A89EEA9471}.Debug|Any CPU.Build.0 = Debug|Any CPU
		{5AC33A8D-1F6E-4ADA-9E3C-E6A89EEA9471}.Release|Any CPU.ActiveCfg = Release|Any CPU
		{5AC33A8D-1F6E-4ADA-9E3C-E6A89EEA9471}.Release|Any CPU.Build.0 = Release|Any CPU
	EndGlobalSection
	GlobalSection(SolutionProperties) = preSolution
		HideSolutionNode = FALSE
	EndGlobalSection
	GlobalSection(ExtensibilityGlobals) = postSolution
		SolutionGuid = {B6FFF9E5-7A62-4D73-8EE3-5651D4CC6EE6}
	EndGlobalSection
EndGlobal
